name: AdmonitionBlock
modelType: class
definition: |

attributes:
  type:
    definition: 
    type: AdmonitionType
  name:
    definition: 
    type: String
    cardinality:
      min: 0
      max: 1
  class:
    definition: 
    type: String
    cardinality:
      min: 0
      max: 1
  uri:
    definition: 
    type: Uri
    cardinality:
      min: 0
      max: 1
relations:
  - target: ParagraphsBlock
    relationship:
      target:
        type: inheritance
    direction: right