name: ExampleBlock
modelType: class
definition: |

attributes:
  unnumbered:
    definition: 
    type: Boolean
    cardinality:
      min: 0
      max: 1
  subsequence:
    definition: 
    type: String
    cardinality:
      min: 0
      max: 1
  name:
    definition: 
    type: LocalizedString
    cardinality:
      min: 0
      max: 1
  formula:
    definition: 
    type: StemElement
    cardinality:
      min: 0
      max: "*"
  lists:
    definition: 
    type: UnorderedList
    cardinality:
      min: 0
      max: "*"
  quotes:
    definition: 
    type: QuoteBlock
    cardinality:
      min: 0
      max: "*"
  sourcecode:
    definition: 
    type: SourcecodeBlock
    cardinality:
      min: 0
      max: "*"
  paragraphs:
    definition: 
    type: ParagraphWithFootnote
    cardinality:
      min: 0
      max: "*"
relations:
  - target: BasicBlock
    relationship:
      target:
        type: inheritance
    direction: left