name: FigureBlock
modelType: class
definition: |
  
attributes:
  source:
    definition: 
    type: String
    cardinality:
      min: 0
      max: 1
  unnumbered:
    definition: 
    type: Boolean
    cardinality:
      min: 0
      max: 1
  subsequence:
    definition: 
    type: String
    cardinality:
      min: 0
      max: 1
  name:
    definition: 
    type: LocalizedString
    cardinality:
      min: 0
      max: 1
  class:
    definition: 
    type: LocalizedString
    cardinality:
      min: 0
      max: 1
  image:
    definition: 
    type: Image
    cardinality:
      min: 0
      max: 1
  video:
    definition: 
    type: Video
    cardinality:
      min: 0
      max: 1
  audio:
    definition: 
    type: Audio
    cardinality:
      min: 0
      max: 1
  figure:
    definition: 
    type: Subfigure
    cardinality:
      min: 0
      max: "*"
  definitions:
    definition: 
    type: DefinitionList
    cardinality:
      min: 0
      max: 1
  footnotes:
    definition: 
    type: ReferenceToldWithParagraphElement
    cardinality:
      min: 0
      max: "*"
relations:
  - target: BasicBlock
    relationship:
      target:
        type: inheritance
    direction: right