name: FormulaBlock
modelType: class
definition: |

attributes:
  stem:
    definition: 
    type: StemElement
  unnumbered:
    definition: 
    type: Boolean
    cardinality:
      min: 0
      max: 1
  subsequence:
    definition: 
    type: String
    cardinality:
      min: 0
      max: 1
  inequality:
    definition: 
    type: Boolean
    cardinality:
      min: 0
      max: 1
  definitions:
    definition: 
    type: DefinitionList
    cardinality:
      min: 0
      max: 1
relations:
  - target: BasicBlock
    relationship:
      target:
        type: inheritance
    direction: up