name: ParagraphBlock
modelType: class
definition: |

attributes:
  contents:
    definition: 
    type: BasicElement
    cardinality:
      min: 0
      max: "*"
  alignment:
    definition: 
    type: TextAlignment
    cardinality:
      min: 0
      max: 1
relations:
  - target: BasicBlock
    relationship:
      target:
        type: inheritance
    direction: up