name: QuoteBlock
modelType: class
definition: |

attributes:
  source:
    definition: 
    type: ReferenceToCitationElement
    cardinality:
      min: 0
      max: 1
  author:
    definition: 
    type: String
relations:
  - target: ParagraphsBlock
    relationship:
      target:
        type: inheritance
    direction: up