name: SourcecodeBlock
modelType: class
definition: |

attributes:
  name:
    definition: 
    type: String
    cardinality:
      min: 0
      max: 1
  unnumbered:
    definition: 
    type: Boolean
    cardinality:
      min: 0
      max: 1
  subsequence:
    definition: 
    type: String
    cardinality:
      min: 0
      max: 1
  filename:
    definition: 
    type: String
    cardinality:
      min: 0
      max: 1
  lang:
    definition: 
    type: String
    cardinality:
      min: 0
      max: 1
  content:
    definition: 
    type: String
  callouts:
    definition: 
    type: ReferenceToIdElement
    cardinality:
      min: 0
      max: "*"
  calloutAnnotations:
    definition: 
    type: ParagraphBlock
    cardinality:
      min: 0
      max: "*"
relations:
  - target: BasicBlock
    relationship:
      target:
        type: inheritance
    direction: right 